
Microsoft Visual Studio Solution File, Format Version 12.00
# Visual Studio Version 17
VisualStudioVersion = 17.11.35327.3
MinimumVisualStudioVersion = 10.0.40219.1
Project("{FAE04EC0-301F-11D3-BF4B-00C04F79EFBC}") = "KDVNAP_HSZF_2024251", "KDVNAP_HSZF_2024251\KDVNAP_HSZF_2024251.csproj", "{218D2875-923D-46BD-AC97-7CFC279F90BE}"
EndProject
Project("{FAE04EC0-301F-11D3-BF4B-00C04F79EFBC}") = "KDVNAP_HSZF_2024251.Application", "KDVNAP_HSZF_2024251.Application\KDVNAP_HSZF_2024251.Application.csproj", "{675DD750-DCAC-4750-94D8-775DC8321B2F}"
EndProject
Project("{FAE04EC0-301F-11D3-BF4B-00C04F79EFBC}") = "KDVNAP_HSZF_2024251.Model", "KDVNAP_HSZF_2024251.Model\KDVNAP_HSZF_2024251.Model.csproj", "{24E1F20E-40D2-4A3E-A45C-FAC8D493F15D}"
EndProject
Project("{FAE04EC0-301F-11D3-BF4B-00C04F79EFBC}") = "KDVNAP_HSZF_2024251.Console", "KDVNAP_HSZF_2024251.Console\KDVNAP_HSZF_2024251.Console.csproj", "{E00FD237-DA13-4882-ADC3-2D92933EC583}"
EndProject
Project("{FAE04EC0-301F-11D3-BF4B-00C04F79EFBC}") = "KDVNAP_HSZF_2024251.Test", "KDVNAP_HSZF_2024251.Test\KDVNAP_HSZF_2024251.Test.csproj", "{AD225F30-09D7-4070-96E8-087B8CF61F0A}"
EndProject
Project("{2150E333-8FDC-42A3-9474-1A3956D46DE8}") = "Domain", "Domain", "{7EABFE6C-DA20-4159-A782-03892CD2ADB6}"
EndProject
Project("{2150E333-8FDC-42A3-9474-1A3956D46DE8}") = "Presentation", "Presentation", "{77FFDFA2-AF8B-4008-89A0-51BD5E9F67C0}"
EndProject
Project("{2150E333-8FDC-42A3-9474-1A3956D46DE8}") = "Tests", "Tests", "{BCEB4B11-1C25-4C8F-885A-A482E7F73892}"
EndProject
Project("{2150E333-8FDC-42A3-9474-1A3956D46DE8}") = "Application", "Application", "{48F312A5-AD98-41A2-A20B-8B3E061282EC}"
EndProject
Project("{FAE04EC0-301F-11D3-BF4B-00C04F79EFBC}") = "KDVNAP_HSZF_2024251.Persistence.MsSql", "KDVNAP_HSZF_2024251.Persistence.MsSql\KDVNAP_HSZF_2024251.Persistence.MsSql.csproj", "{8C1DD01F-1522-433C-875F-37FCA3DD976B}"
EndProject
Project("{2150E333-8FDC-42A3-9474-1A3956D46DE8}") = "Infrastructure", "Infrastructure", "{6E2BECF1-721B-46D2-B976-B178AD5E0DB3}"
EndProject
Global
	GlobalSection(SolutionConfigurationPlatforms) = preSolution
		Debug|Any CPU = Debug|Any CPU
		Release|Any CPU = Release|Any CPU
	EndGlobalSection
	GlobalSection(ProjectConfigurationPlatforms) = postSolution
		{218D2875-923D-46BD-AC97-7CFC279F90BE}.Debug|Any CPU.ActiveCfg = Debug|Any CPU
		{218D2875-923D-46BD-AC97-7CFC279F90BE}.Debug|Any CPU.Build.0 = Debug|Any CPU
		{218D2875-923D-46BD-AC97-7CFC279F90BE}.Release|Any CPU.ActiveCfg = Release|Any CPU
		{218D2875-923D-46BD-AC97-7CFC279F90BE}.Release|Any CPU.Build.0 = Release|Any CPU
		{675DD750-DCAC-4750-94D8-775DC8321B2F}.Debug|Any CPU.ActiveCfg = Debug|Any CPU
		{675DD750-DCAC-4750-94D8-775DC8321B2F}.Debug|Any CPU.Build.0 = Debug|Any CPU
		{675DD750-DCAC-4750-94D8-775DC8321B2F}.Release|Any CPU.ActiveCfg = Release|Any CPU
		{675DD750-DCAC-4750-94D8-775DC8321B2F}.Release|Any CPU.Build.0 = Release|Any CPU
		{24E1F20E-40D2-4A3E-A45C-FAC8D493F15D}.Debug|Any CPU.ActiveCfg = Debug|Any CPU
		{24E1F20E-40D2-4A3E-A45C-FAC8D493F15D}.Debug|Any CPU.Build.0 = Debug|Any CPU
		{24E1F20E-40D2-4A3E-A45C-FAC8D493F15D}.Release|Any CPU.ActiveCfg = Release|Any CPU
		{24E1F20E-40D2-4A3E-A45C-FAC8D493F15D}.Release|Any CPU.Build.0 = Release|Any CPU
		{E00FD237-DA13-4882-ADC3-2D92933EC583}.Debug|Any CPU.ActiveCfg = Debug|Any CPU
		{E00FD237-DA13-4882-ADC3-2D92933EC583}.Debug|Any CPU.Build.0 = Debug|Any CPU
		{E00FD237-DA13-4882-ADC3-2D92933EC583}.Release|Any CPU.ActiveCfg = Release|Any CPU
		{E00FD237-DA13-4882-ADC3-2D92933EC583}.Release|Any CPU.Build.0 = Release|Any CPU
		{AD225F30-09D7-4070-96E8-087B8CF61F0A}.Debug|Any CPU.ActiveCfg = Debug|Any CPU
		{AD225F30-09D7-4070-96E8-087B8CF61F0A}.Debug|Any CPU.Build.0 = Debug|Any CPU
		{AD225F30-09D7-4070-96E8-087B8CF61F0A}.Release|Any CPU.ActiveCfg = Release|Any CPU
		{AD225F30-09D7-4070-96E8-087B8CF61F0A}.Release|Any CPU.Build.0 = Release|Any CPU
		{8C1DD01F-1522-433C-875F-37FCA3DD976B}.Debug|Any CPU.ActiveCfg = Debug|Any CPU
		{8C1DD01F-1522-433C-875F-37FCA3DD976B}.Debug|Any CPU.Build.0 = Debug|Any CPU
		{8C1DD01F-1522-433C-875F-37FCA3DD976B}.Release|Any CPU.ActiveCfg = Release|Any CPU
		{8C1DD01F-1522-433C-875F-37FCA3DD976B}.Release|Any CPU.Build.0 = Release|Any CPU
	EndGlobalSection
	GlobalSection(SolutionProperties) = preSolution
		HideSolutionNode = FALSE
	EndGlobalSection
	GlobalSection(NestedProjects) = preSolution
		{675DD750-DCAC-4750-94D8-775DC8321B2F} = {48F312A5-AD98-41A2-A20B-8B3E061282EC}
		{24E1F20E-40D2-4A3E-A45C-FAC8D493F15D} = {7EABFE6C-DA20-4159-A782-03892CD2ADB6}
		{E00FD237-DA13-4882-ADC3-2D92933EC583} = {77FFDFA2-AF8B-4008-89A0-51BD5E9F67C0}
		{AD225F30-09D7-4070-96E8-087B8CF61F0A} = {BCEB4B11-1C25-4C8F-885A-A482E7F73892}
		{8C1DD01F-1522-433C-875F-37FCA3DD976B} = {6E2BECF1-721B-46D2-B976-B178AD5E0DB3}
	EndGlobalSection
	GlobalSection(ExtensibilityGlobals) = postSolution
		SolutionGuid = {895A36D9-FC84-4607-8788-2E313045816C}
	EndGlobalSection
EndGlobal
